
Microsoft Visual Studio Solution File, Format Version 12.00
# Visual Studio Version 16
VisualStudioVersion = 16.0.31702.278
MinimumVisualStudioVersion = 10.0.40219.1
Project("{FAE04EC0-301F-11D3-BF4B-00C04F79EFBC}") = "Aula_09", "Aula_09.csproj", "{A99F629E-0680-4467-BFDA-9E4CFF42B9E6}"
EndProject
Global
	GlobalSection(SolutionConfigurationPlatforms) = preSolution
		Debug|Any CPU = Debug|Any CPU
		Release|Any CPU = Release|Any CPU
	EndGlobalSection
	GlobalSection(ProjectConfigurationPlatforms) = postSolution
		{A99F629E-0680-4467-BFDA-9E4CFF42B9E6}.Debug|Any CPU.ActiveCfg = Debug|Any CPU
		{A99F629E-0680-4467-BFDA-9E4CFF42B9E6}.Debug|Any CPU.Build.0 = Debug|Any CPU
		{A99F629E-0680-4467-BFDA-9E4CFF42B9E6}.Release|Any CPU.ActiveCfg = Release|Any CPU
		{A99F629E-0680-4467-BFDA-9E4CFF42B9E6}.Release|Any CPU.Build.0 = Release|Any CPU
	EndGlobalSection
	GlobalSection(SolutionProperties) = preSolution
		HideSolutionNode = FALSE
	EndGlobalSection
	GlobalSection(ExtensibilityGlobals) = postSolution
		SolutionGuid = {343F1AF5-6095-4ED9-98EC-96AACEDFB971}
	EndGlobalSection
EndGlobal
