
Microsoft Visual Studio Solution File, Format Version 12.00
# Visual Studio Version 16
VisualStudioVersion = 16.0.31624.102
MinimumVisualStudioVersion = 10.0.40219.1
Project("{FAE04EC0-301F-11D3-BF4B-00C04F79EFBC}") = "Aula_02", "Aula_02.csproj", "{AB02F821-8E51-463B-89C1-E8FC551F471A}"
EndProject
Global
	GlobalSection(SolutionConfigurationPlatforms) = preSolution
		Debug|Any CPU = Debug|Any CPU
		Release|Any CPU = Release|Any CPU
	EndGlobalSection
	GlobalSection(ProjectConfigurationPlatforms) = postSolution
		{AB02F821-8E51-463B-89C1-E8FC551F471A}.Debug|Any CPU.ActiveCfg = Debug|Any CPU
		{AB02F821-8E51-463B-89C1-E8FC551F471A}.Debug|Any CPU.Build.0 = Debug|Any CPU
		{AB02F821-8E51-463B-89C1-E8FC551F471A}.Release|Any CPU.ActiveCfg = Release|Any CPU
		{AB02F821-8E51-463B-89C1-E8FC551F471A}.Release|Any CPU.Build.0 = Release|Any CPU
	EndGlobalSection
	GlobalSection(SolutionProperties) = preSolution
		HideSolutionNode = FALSE
	EndGlobalSection
	GlobalSection(ExtensibilityGlobals) = postSolution
		SolutionGuid = {7BFDDD17-1CA4-4DAE-96FF-F5448A16A2C2}
	EndGlobalSection
EndGlobal
