
Microsoft Visual Studio Solution File, Format Version 12.00
# Visual Studio Version 16
VisualStudioVersion = 16.0.31702.278
MinimumVisualStudioVersion = 10.0.40219.1
Project("{FAE04EC0-301F-11D3-BF4B-00C04F79EFBC}") = "questão 6", "questão 6.csproj", "{FDFB0DCC-9294-4E8E-8D98-24129F4B7FBC}"
EndProject
Global
	GlobalSection(SolutionConfigurationPlatforms) = preSolution
		Debug|Any CPU = Debug|Any CPU
		Release|Any CPU = Release|Any CPU
	EndGlobalSection
	GlobalSection(ProjectConfigurationPlatforms) = postSolution
		{FDFB0DCC-9294-4E8E-8D98-24129F4B7FBC}.Debug|Any CPU.ActiveCfg = Debug|Any CPU
		{FDFB0DCC-9294-4E8E-8D98-24129F4B7FBC}.Debug|Any CPU.Build.0 = Debug|Any CPU
		{FDFB0DCC-9294-4E8E-8D98-24129F4B7FBC}.Release|Any CPU.ActiveCfg = Release|Any CPU
		{FDFB0DCC-9294-4E8E-8D98-24129F4B7FBC}.Release|Any CPU.Build.0 = Release|Any CPU
	EndGlobalSection
	GlobalSection(SolutionProperties) = preSolution
		HideSolutionNode = FALSE
	EndGlobalSection
	GlobalSection(ExtensibilityGlobals) = postSolution
		SolutionGuid = {843C2FC6-1DFF-40EF-9297-6C8AF517D85D}
	EndGlobalSection
EndGlobal
