
Microsoft Visual Studio Solution File, Format Version 12.00
# Visual Studio Version 16
VisualStudioVersion = 16.0.31702.278
MinimumVisualStudioVersion = 10.0.40219.1
Project("{FAE04EC0-301F-11D3-BF4B-00C04F79EFBC}") = "questão 4", "questão 4.csproj", "{B5086BF0-0BCA-4951-AF1C-F65BC668C90D}"
EndProject
Global
	GlobalSection(SolutionConfigurationPlatforms) = preSolution
		Debug|Any CPU = Debug|Any CPU
		Release|Any CPU = Release|Any CPU
	EndGlobalSection
	GlobalSection(ProjectConfigurationPlatforms) = postSolution
		{B5086BF0-0BCA-4951-AF1C-F65BC668C90D}.Debug|Any CPU.ActiveCfg = Debug|Any CPU
		{B5086BF0-0BCA-4951-AF1C-F65BC668C90D}.Debug|Any CPU.Build.0 = Debug|Any CPU
		{B5086BF0-0BCA-4951-AF1C-F65BC668C90D}.Release|Any CPU.ActiveCfg = Release|Any CPU
		{B5086BF0-0BCA-4951-AF1C-F65BC668C90D}.Release|Any CPU.Build.0 = Release|Any CPU
	EndGlobalSection
	GlobalSection(SolutionProperties) = preSolution
		HideSolutionNode = FALSE
	EndGlobalSection
	GlobalSection(ExtensibilityGlobals) = postSolution
		SolutionGuid = {6B0E369B-F623-44D1-8B70-8476ECA9D0CD}
	EndGlobalSection
EndGlobal
