
Microsoft Visual Studio Solution File, Format Version 12.00
# Visual Studio Version 16
VisualStudioVersion = 16.0.31702.278
MinimumVisualStudioVersion = 10.0.40219.1
Project("{FAE04EC0-301F-11D3-BF4B-00C04F79EFBC}") = "Teste", "Teste\Teste.csproj", "{BE5AFF58-0F12-4355-8CCB-F63459FE7EE5}"
EndProject
Global
	GlobalSection(SolutionConfigurationPlatforms) = preSolution
		Debug|Any CPU = Debug|Any CPU
		Release|Any CPU = Release|Any CPU
	EndGlobalSection
	GlobalSection(ProjectConfigurationPlatforms) = postSolution
		{BE5AFF58-0F12-4355-8CCB-F63459FE7EE5}.Debug|Any CPU.ActiveCfg = Debug|Any CPU
		{BE5AFF58-0F12-4355-8CCB-F63459FE7EE5}.Debug|Any CPU.Build.0 = Debug|Any CPU
		{BE5AFF58-0F12-4355-8CCB-F63459FE7EE5}.Release|Any CPU.ActiveCfg = Release|Any CPU
		{BE5AFF58-0F12-4355-8CCB-F63459FE7EE5}.Release|Any CPU.Build.0 = Release|Any CPU
	EndGlobalSection
	GlobalSection(SolutionProperties) = preSolution
		HideSolutionNode = FALSE
	EndGlobalSection
	GlobalSection(ExtensibilityGlobals) = postSolution
		SolutionGuid = {3779198F-8270-4501-B40F-C9442E19D5B4}
	EndGlobalSection
EndGlobal
